// !$*UTF8*$!
{
	archiveVersion = 1;
	classes = {
	};
	objectVersion = 46;
	objects = {

/* Begin PBXBuildFile section */
		279CFD5819D7E88F0060E460 /* main.m in Sources */ = {isa = PBXBuildFile; fileRef = 279CFD5719D7E88F0060E460 /* main.m */; };
		279CFD5B19D7E88F0060E460 /* AppDelegate.m in Sources */ = {isa = PBXBuildFile; fileRef = 279CFD5A19D7E88F0060E460 /* AppDelegate.m */; };
		279CFD5E19D7E88F0060E460 /* ViewController.m in Sources */ = {isa = PBXBuildFile; fileRef = 279CFD5D19D7E88F0060E460 /* ViewController.m */; };
		279CFD6119D7E88F0060E460 /* Main.storyboard in Resources */ = {isa = PBXBuildFile; fileRef = 279CFD5F19D7E88F0060E460 /* Main.storyboard */; };
		279CFD6319D7E88F0060E460 /* Images.xcassets in Resources */ = {isa = PBXBuildFile; fileRef = 279CFD6219D7E88F0060E460 /* Images.xcassets */; };
		279CFD6619D7E88F0060E460 /* LaunchScreen.xib in Resources */ = {isa = PBXBuildFile; fileRef = 279CFD6419D7E88F0060E460 /* LaunchScreen.xib */; };
		279CFD7219D7E88F0060E460 /* Lab01Tests.m in Sources */ = {isa = PBXBuildFile; fileRef = 279CFD7119D7E88F0060E460 /* Lab01Tests.m */; };
		279CFDA919D7F6750060E460 /* age0.jpg in Resources */ = {isa = PBXBuildFile; fileRef = 279CFD9A19D7F6750060E460 /* age0.jpg */; };
		279CFDAA19D7F6750060E460 /* age1.jpg in Resources */ = {isa = PBXBuildFile; fileRef = 279CFD9B19D7F6750060E460 /* age1.jpg */; };
		279CFDAB19D7F6750060E460 /* age2.jpg in Resources */ = {isa = PBXBuildFile; fileRef = 279CFD9C19D7F6750060E460 /* age2.jpg */; };
		279CFDAC19D7F6750060E460 /* age3.jpg in Resources */ = {isa = PBXBuildFile; fileRef = 279CFD9D19D7F6750060E460 /* age3.jpg */; };
		279CFDAD19D7F6750060E460 /* age4.jpg in Resources */ = {isa = PBXBuildFile; fileRef = 279CFD9E19D7F6750060E460 /* age4.jpg */; };
		279CFDAE19D7F6750060E460 /* age5.jpg in Resources */ = {isa = PBXBuildFile; fileRef = 279CFD9F19D7F6750060E460 /* age5.jpg */; };
		279CFDAF19D7F6750060E460 /* age6.jpg in Resources */ = {isa = PBXBuildFile; fileRef = 279CFDA019D7F6750060E460 /* age6.jpg */; };
		279CFDB019D7F6750060E460 /* age7.jpg in Resources */ = {isa = PBXBuildFile; fileRef = 279CFDA119D7F6750060E460 /* age7.jpg */; };
		279CFDB119D7F6750060E460 /* age8.jpg in Resources */ = {isa = PBXBuildFile; fileRef = 279CFDA219D7F6750060E460 /* age8.jpg */; };
		279CFDB219D7F6750060E460 /* age9.jpg in Resources */ = {isa = PBXBuildFile; fileRef = 279CFDA319D7F6750060E460 /* age9.jpg */; };
		279CFDB319D7F6750060E460 /* age10.jpg in Resources */ = {isa = PBXBuildFile; fileRef = 279CFDA419D7F6750060E460 /* age10.jpg */; };
		279CFDB419D7F6750060E460 /* age11.jpg in Resources */ = {isa = PBXBuildFile; fileRef = 279CFDA519D7F6750060E460 /* age11.jpg */; };
		279CFDB519D7F6750060E460 /* age12.jpg in Resources */ = {isa = PBXBuildFile; fileRef = 279CFDA619D7F6750060E460 /* age12.jpg */; };
		279CFDB619D7F6750060E460 /* age13.jpg in Resources */ = {isa = PBXBuildFile; fileRef = 279CFDA719D7F6750060E460 /* age13.jpg */; };
		279CFDB719D7F6750060E460 /* age14.jpg in Resources */ = {isa = PBXBuildFile; fileRef = 279CFDA819D7F6750060E460 /* age14.jpg */; };
		279D147519DDC585008067D3 /* Transp.m in Sources */ = {isa = PBXBuildFile; fileRef = 279D147419DDC585008067D3 /* Transp.m */; };
/* End PBXBuildFile section */

/* Begin PBXContainerItemProxy section */
		279CFD6C19D7E88F0060E460 /* PBXContainerItemProxy */ = {
			isa = PBXContainerItemProxy;
			containerPortal = 279CFD4A19D7E88F0060E460 /* Project object */;
			proxyType = 1;
			remoteGlobalIDString = 279CFD5119D7E88F0060E460;
			remoteInfo = Lab01;
		};
/* End PBXContainerItemProxy section */

/* Begin PBXFileReference section */
		279CFD5219D7E88F0060E460 /* Lab01.app */ = {isa = PBXFileReference; explicitFileType = wrapper.application; includeInIndex = 0; path = Lab01.app; sourceTree = BUILT_PRODUCTS_DIR; };
		279CFD5619D7E88F0060E460 /* Info.plist */ = {isa = PBXFileReference; lastKnownFileType = text.plist.xml; path = Info.plist; sourceTree = "<group>"; };
		279CFD5719D7E88F0060E460 /* main.m */ = {isa = PBXFileReference; lastKnownFileType = sourcecode.c.objc; path = main.m; sourceTree = "<group>"; };
		279CFD5919D7E88F0060E460 /* AppDelegate.h */ = {isa = PBXFileReference; lastKnownFileType = sourcecode.c.h; path = AppDelegate.h; sourceTree = "<group>"; };
		279CFD5A19D7E88F0060E460 /* AppDelegate.m */ = {isa = PBXFileReference; lastKnownFileType = sourcecode.c.objc; path = AppDelegate.m; sourceTree = "<group>"; };
		279CFD5C19D7E88F0060E460 /* ViewController.h */ = {isa = PBXFileReference; lastKnownFileType = sourcecode.c.h; path = ViewController.h; sourceTree = "<group>"; };
		279CFD5D19D7E88F0060E460 /* ViewController.m */ = {isa = PBXFileReference; lastKnownFileType = sourcecode.c.objc; path = ViewController.m; sourceTree = "<group>"; };
		279CFD6019D7E88F0060E460 /* Base */ = {isa = PBXFileReference; lastKnownFileType = file.storyboard; name = Base; path = Base.lproj/Main.storyboard; sourceTree = "<group>"; };
		279CFD6219D7E88F0060E460 /* Images.xcassets */ = {isa = PBXFileReference; lastKnownFileType = folder.assetcatalog; path = Images.xcassets; sourceTree = "<group>"; };
		279CFD6519D7E88F0060E460 /* Base */ = {isa = PBXFileReference; lastKnownFileType = file.xib; name = Base; path = Base.lproj/LaunchScreen.xib; sourceTree = "<group>"; };
		279CFD6B19D7E88F0060E460 /* Lab01Tests.xctest */ = {isa = PBXFileReference; explicitFileType = wrapper.cfbundle; includeInIndex = 0; path = Lab01Tests.xctest; sourceTree = BUILT_PRODUCTS_DIR; };
		279CFD7019D7E88F0060E460 /* Info.plist */ = {isa = PBXFileReference; lastKnownFileType = text.plist.xml; path = Info.plist; sourceTree = "<group>"; };
		279CFD7119D7E88F0060E460 /* Lab01Tests.m */ = {isa = PBXFileReference; lastKnownFileType = sourcecode.c.objc; path = Lab01Tests.m; sourceTree = "<group>"; };
		279CFD9A19D7F6750060E460 /* age0.jpg */ = {isa = PBXFileReference; lastKnownFileType = image.jpeg; name = age0.jpg; path = "../../../Downloads/lotte-2/age0.jpg"; sourceTree = "<group>"; };
		279CFD9B19D7F6750060E460 /* age1.jpg */ = {isa = PBXFileReference; lastKnownFileType = image.jpeg; name = age1.jpg; path = "../../../Downloads/lotte-2/age1.jpg"; sourceTree = "<group>"; };
		279CFD9C19D7F6750060E460 /* age2.jpg */ = {isa = PBXFileReference; lastKnownFileType = image.jpeg; name = age2.jpg; path = "../../../Downloads/lotte-2/age2.jpg"; sourceTree = "<group>"; };
		279CFD9D19D7F6750060E460 /* age3.jpg */ = {isa = PBXFileReference; lastKnownFileType = image.jpeg; name = age3.jpg; path = "../../../Downloads/lotte-2/age3.jpg"; sourceTree = "<group>"; };
		279CFD9E19D7F6750060E460 /* age4.jpg */ = {isa = PBXFileReference; lastKnownFileType = image.jpeg; name = age4.jpg; path = "../../../Downloads/lotte-2/age4.jpg"; sourceTree = "<group>"; };
		279CFD9F19D7F6750060E460 /* age5.jpg */ = {isa = PBXFileReference; lastKnownFileType = image.jpeg; name = age5.jpg; path = "../../../Downloads/lotte-2/age5.jpg"; sourceTree = "<group>"; };
		279CFDA019D7F6750060E460 /* age6.jpg */ = {isa = PBXFileReference; lastKnownFileType = image.jpeg; name = age6.jpg; path = "../../../Downloads/lotte-2/age6.jpg"; sourceTree = "<group>"; };
		279CFDA119D7F6750060E460 /* age7.jpg */ = {isa = PBXFileReference; lastKnownFileType = image.jpeg; name = age7.jpg; path = "../../../Downloads/lotte-2/age7.jpg"; sourceTree = "<group>"; };
		279CFDA219D7F6750060E460 /* age8.jpg */ = {isa = PBXFileReference; lastKnownFileType = image.jpeg; name = age8.jpg; path = "../../../Downloads/lotte-2/age8.jpg"; sourceTree = "<group>"; };
		279CFDA319D7F6750060E460 /* age9.jpg */ = {isa = PBXFileReference; lastKnownFileType = image.jpeg; name = age9.jpg; path = "../../../Downloads/lotte-2/age9.jpg"; sourceTree = "<group>"; };
		279CFDA419D7F6750060E460 /* age10.jpg */ = {isa = PBXFileReference; lastKnownFileType = image.jpeg; name = age10.jpg; path = "../../../Downloads/lotte-2/age10.jpg"; sourceTree = "<group>"; };
		279CFDA519D7F6750060E460 /* age11.jpg */ = {isa = PBXFileReference; lastKnownFileType = image.jpeg; name = age11.jpg; path = "../../../Downloads/lotte-2/age11.jpg"; sourceTree = "<group>"; };
		279CFDA619D7F6750060E460 /* age12.jpg */ = {isa = PBXFileReference; lastKnownFileType = image.jpeg; name = age12.jpg; path = "../../../Downloads/lotte-2/age12.jpg"; sourceTree = "<group>"; };
		279CFDA719D7F6750060E460 /* age13.jpg */ = {isa = PBXFileReference; lastKnownFileType = image.jpeg; name = age13.jpg; path = "../../../Downloads/lotte-2/age13.jpg"; sourceTree = "<group>"; };
		279CFDA819D7F6750060E460 /* age14.jpg */ = {isa = PBXFileReference; lastKnownFileType = image.jpeg; name = age14.jpg; path = "../../../Downloads/lotte-2/age14.jpg"; sourceTree = "<group>"; };
		279D147319DDC585008067D3 /* Transp.h */ = {isa = PBXFileReference; fileEncoding = 4; lastKnownFileType = sourcecode.c.h; name = Transp.h; path = ../Transp.h; sourceTree = "<group>"; };
		279D147419DDC585008067D3 /* Transp.m */ = {isa = PBXFileReference; fileEncoding = 4; lastKnownFileType = sourcecode.c.objc; name = Transp.m; path = ../Transp.m; sourceTree = "<group>"; };
/* End PBXFileReference section */

/* Begin PBXFrameworksBuildPhase section */
		279CFD4F19D7E88F0060E460 /* Frameworks */ = {
			isa = PBXFrameworksBuildPhase;
			buildActionMask = 2147483647;
			files = (
			);
			runOnlyForDeploymentPostprocessing = 0;
		};
		279CFD6819D7E88F0060E460 /* Frameworks */ = {
			isa = PBXFrameworksBuildPhase;
			buildActionMask = 2147483647;
			files = (
			);
			runOnlyForDeploymentPostprocessing = 0;
		};
/* End PBXFrameworksBuildPhase section */

/* Begin PBXGroup section */
		279CFD4919D7E88F0060E460 = {
			isa = PBXGroup;
			children = (
				279CFD5419D7E88F0060E460 /* Lab01 */,
				279CFD6E19D7E88F0060E460 /* Lab01Tests */,
				279CFD5319D7E88F0060E460 /* Products */,
			);
			sourceTree = "<group>";
		};
		279CFD5319D7E88F0060E460 /* Products */ = {
			isa = PBXGroup;
			children = (
				279CFD5219D7E88F0060E460 /* Lab01.app */,
				279CFD6B19D7E88F0060E460 /* Lab01Tests.xctest */,
			);
			name = Products;
			sourceTree = "<group>";
		};
		279CFD5419D7E88F0060E460 /* Lab01 */ = {
			isa = PBXGroup;
			children = (
				279CFD5919D7E88F0060E460 /* AppDelegate.h */,
				279CFD5A19D7E88F0060E460 /* AppDelegate.m */,
				279CFD5C19D7E88F0060E460 /* ViewController.h */,
				279CFD5D19D7E88F0060E460 /* ViewController.m */,
				279CFD5F19D7E88F0060E460 /* Main.storyboard */,
				279D147319DDC585008067D3 /* Transp.h */,
				279D147419DDC585008067D3 /* Transp.m */,
				279CFD6219D7E88F0060E460 /* Images.xcassets */,
				279CFD6419D7E88F0060E460 /* LaunchScreen.xib */,
				279CFD5519D7E88F0060E460 /* Supporting Files */,
			);
			path = Lab01;
			sourceTree = "<group>";
		};
		279CFD5519D7E88F0060E460 /* Supporting Files */ = {
			isa = PBXGroup;
			children = (
				279CFD7B19D7F3A40060E460 /* img */,
				279CFD5619D7E88F0060E460 /* Info.plist */,
				279CFD5719D7E88F0060E460 /* main.m */,
			);
			name = "Supporting Files";
			sourceTree = "<group>";
		};
		279CFD6E19D7E88F0060E460 /* Lab01Tests */ = {
			isa = PBXGroup;
			children = (
				279CFD7119D7E88F0060E460 /* Lab01Tests.m */,
				279CFD6F19D7E88F0060E460 /* Supporting Files */,
			);
			path = Lab01Tests;
			sourceTree = "<group>";
		};
		279CFD6F19D7E88F0060E460 /* Supporting Files */ = {
			isa = PBXGroup;
			children = (
				279CFD7019D7E88F0060E460 /* Info.plist */,
			);
			name = "Supporting Files";
			sourceTree = "<group>";
		};
		279CFD7B19D7F3A40060E460 /* img */ = {
			isa = PBXGroup;
			children = (
				279CFD9A19D7F6750060E460 /* age0.jpg */,
				279CFD9B19D7F6750060E460 /* age1.jpg */,
				279CFD9C19D7F6750060E460 /* age2.jpg */,
				279CFD9D19D7F6750060E460 /* age3.jpg */,
				279CFD9E19D7F6750060E460 /* age4.jpg */,
				279CFD9F19D7F6750060E460 /* age5.jpg */,
				279CFDA019D7F6750060E460 /* age6.jpg */,
				279CFDA119D7F6750060E460 /* age7.jpg */,
				279CFDA219D7F6750060E460 /* age8.jpg */,
				279CFDA319D7F6750060E460 /* age9.jpg */,
				279CFDA419D7F6750060E460 /* age10.jpg */,
				279CFDA519D7F6750060E460 /* age11.jpg */,
				279CFDA619D7F6750060E460 /* age12.jpg */,
				279CFDA719D7F6750060E460 /* age13.jpg */,
				279CFDA819D7F6750060E460 /* age14.jpg */,
			);
			name = img;
			sourceTree = "<group>";
		};
/* End PBXGroup section */

/* Begin PBXNativeTarget section */
		279CFD5119D7E88F0060E460 /* Lab01 */ = {
			isa = PBXNativeTarget;
			buildConfigurationList = 279CFD7519D7E88F0060E460 /* Build configuration list for PBXNativeTarget "Lab01" */;
			buildPhases = (
				279CFD4E19D7E88F0060E460 /* Sources */,
				279CFD4F19D7E88F0060E460 /* Frameworks */,
				279CFD5019D7E88F0060E460 /* Resources */,
			);
			buildRules = (
			);
			dependencies = (
			);
			name = Lab01;
			productName = Lab01;
			productReference = 279CFD5219D7E88F0060E460 /* Lab01.app */;
			productType = "com.apple.product-type.application";
		};
		279CFD6A19D7E88F0060E460 /* Lab01Tests */ = {
			isa = PBXNativeTarget;
			buildConfigurationList = 279CFD7819D7E88F0060E460 /* Build configuration list for PBXNativeTarget "Lab01Tests" */;
			buildPhases = (
				279CFD6719D7E88F0060E460 /* Sources */,
				279CFD6819D7E88F0060E460 /* Frameworks */,
				279CFD6919D7E88F0060E460 /* Resources */,
			);
			buildRules = (
			);
			dependencies = (
				279CFD6D19D7E88F0060E460 /* PBXTargetDependency */,
			);
			name = Lab01Tests;
			productName = Lab01Tests;
			productReference = 279CFD6B19D7E88F0060E460 /* Lab01Tests.xctest */;
			productType = "com.apple.product-type.bundle.unit-test";
		};
/* End PBXNativeTarget section */

/* Begin PBXProject section */
		279CFD4A19D7E88F0060E460 /* Project object */ = {
			isa = PBXProject;
			attributes = {
				LastUpgradeCheck = 0600;
				ORGANIZATIONNAME = mike;
				TargetAttributes = {
					279CFD5119D7E88F0060E460 = {
						CreatedOnToolsVersion = 6.0.1;
					};
					279CFD6A19D7E88F0060E460 = {
						CreatedOnToolsVersion = 6.0.1;
						TestTargetID = 279CFD5119D7E88F0060E460;
					};
				};
			};
			buildConfigurationList = 279CFD4D19D7E88F0060E460 /* Build configuration list for PBXProject "Lab01" */;
			compatibilityVersion = "Xcode 3.2";
			developmentRegion = English;
			hasScannedForEncodings = 0;
			knownRegions = (
				en,
				Base,
			);
			mainGroup = 279CFD4919D7E88F0060E460;
			productRefGroup = 279CFD5319D7E88F0060E460 /* Products */;
			projectDirPath = "";
			projectRoot = "";
			targets = (
				279CFD5119D7E88F0060E460 /* Lab01 */,
				279CFD6A19D7E88F0060E460 /* Lab01Tests */,
			);
		};
/* End PBXProject section */

/* Begin PBXResourcesBuildPhase section */
		279CFD5019D7E88F0060E460 /* Resources */ = {
			isa = PBXResourcesBuildPhase;
			buildActionMask = 2147483647;
			files = (
				279CFDB319D7F6750060E460 /* age10.jpg in Resources */,
				279CFDB019D7F6750060E460 /* age7.jpg in Resources */,
				279CFDB719D7F6750060E460 /* age14.jpg in Resources */,
				279CFDAD19D7F6750060E460 /* age4.jpg in Resources */,
				279CFDA919D7F6750060E460 /* age0.jpg in Resources */,
				279CFDAA19D7F6750060E460 /* age1.jpg in Resources */,
				279CFDB619D7F6750060E460 /* age13.jpg in Resources */,
				279CFDB119D7F6750060E460 /* age8.jpg in Resources */,
				279CFD6119D7E88F0060E460 /* Main.storyboard in Resources */,
				279CFDAE19D7F6750060E460 /* age5.jpg in Resources */,
				279CFDB519D7F6750060E460 /* age12.jpg in Resources */,
				279CFD6619D7E88F0060E460 /* LaunchScreen.xib in Resources */,
				279CFDAF19D7F6750060E460 /* age6.jpg in Resources */,
				279CFDAC19D7F6750060E460 /* age3.jpg in Resources */,
				279CFDAB19D7F6750060E460 /* age2.jpg in Resources */,
				279CFD6319D7E88F0060E460 /* Images.xcassets in Resources */,
				279CFDB219D7F6750060E460 /* age9.jpg in Resources */,
				279CFDB419D7F6750060E460 /* age11.jpg in Resources */,
			);
			runOnlyForDeploymentPostprocessing = 0;
		};
		279CFD6919D7E88F0060E460 /* Resources */ = {
			isa = PBXResourcesBuildPhase;
			buildActionMask = 2147483647;
			files = (
			);
			runOnlyForDeploymentPostprocessing = 0;
		};
/* End PBXResourcesBuildPhase section */

/* Begin PBXSourcesBuildPhase section */
		279CFD4E19D7E88F0060E460 /* Sources */ = {
			isa = PBXSourcesBuildPhase;
			buildActionMask = 2147483647;
			files = (
				279CFD5E19D7E88F0060E460 /* ViewController.m in Sources */,
				279CFD5B19D7E88F0060E460 /* AppDelegate.m in Sources */,
				279CFD5819D7E88F0060E460 /* main.m in Sources */,
				279D147519DDC585008067D3 /* Transp.m in Sources */,
			);
			runOnlyForDeploymentPostprocessing = 0;
		};
		279CFD6719D7E88F0060E460 /* Sources */ = {
			isa = PBXSourcesBuildPhase;
			buildActionMask = 2147483647;
			files = (
				279CFD7219D7E88F0060E460 /* Lab01Tests.m in Sources */,
			);
			runOnlyForDeploymentPostprocessing = 0;
		};
/* End PBXSourcesBuildPhase section */

/* Begin PBXTargetDependency section */
		279CFD6D19D7E88F0060E460 /* PBXTargetDependency */ = {
			isa = PBXTargetDependency;
			target = 279CFD5119D7E88F0060E460 /* Lab01 */;
			targetProxy = 279CFD6C19D7E88F0060E460 /* PBXContainerItemProxy */;
		};
/* End PBXTargetDependency section */

/* Begin PBXVariantGroup section */
		279CFD5F19D7E88F0060E460 /* Main.storyboard */ = {
			isa = PBXVariantGroup;
			children = (
				279CFD6019D7E88F0060E460 /* Base */,
			);
			name = Main.storyboard;
			sourceTree = "<group>";
		};
		279CFD6419D7E88F0060E460 /* LaunchScreen.xib */ = {
			isa = PBXVariantGroup;
			children = (
				279CFD6519D7E88F0060E460 /* Base */,
			);
			name = LaunchScreen.xib;
			sourceTree = "<group>";
		};
/* End PBXVariantGroup section */

/* Begin XCBuildConfiguration section */
		279CFD7319D7E88F0060E460 /* Debug */ = {
			isa = XCBuildConfiguration;
			buildSettings = {
				ALWAYS_SEARCH_USER_PATHS = NO;
				CLANG_CXX_LANGUAGE_STANDARD = "gnu++0x";
				CLANG_CXX_LIBRARY = "libc++";
				CLANG_ENABLE_MODULES = YES;
				CLANG_ENABLE_OBJC_ARC = YES;
				CLANG_WARN_BOOL_CONVERSION = YES;
				CLANG_WARN_CONSTANT_CONVERSION = YES;
				CLANG_WARN_DIRECT_OBJC_ISA_USAGE = YES_ERROR;
				CLANG_WARN_EMPTY_BODY = YES;
				CLANG_WARN_ENUM_CONVERSION = YES;
				CLANG_WARN_INT_CONVERSION = YES;
				CLANG_WARN_OBJC_ROOT_CLASS = YES_ERROR;
				CLANG_WARN_UNREACHABLE_CODE = YES;
				CLANG_WARN__DUPLICATE_METHOD_MATCH = YES;
				"CODE_SIGN_IDENTITY[sdk=iphoneos*]" = "iPhone Developer";
				COPY_PHASE_STRIP = NO;
				ENABLE_STRICT_OBJC_MSGSEND = YES;
				GCC_C_LANGUAGE_STANDARD = gnu99;
				GCC_DYNAMIC_NO_PIC = NO;
				GCC_OPTIMIZATION_LEVEL = 0;
				GCC_PREPROCESSOR_DEFINITIONS = (
					"DEBUG=1",
					"$(inherited)",
				);
				GCC_SYMBOLS_PRIVATE_EXTERN = NO;
				GCC_WARN_64_TO_32_BIT_CONVERSION = YES;
				GCC_WARN_ABOUT_RETURN_TYPE = YES_ERROR;
				GCC_WARN_UNDECLARED_SELECTOR = YES;
				GCC_WARN_UNINITIALIZED_AUTOS = YES_AGGRESSIVE;
				GCC_WARN_UNUSED_FUNCTION = YES;
				GCC_WARN_UNUSED_VARIABLE = YES;
				IPHONEOS_DEPLOYMENT_TARGET = 8.0;
				MTL_ENABLE_DEBUG_INFO = YES;
				ONLY_ACTIVE_ARCH = YES;
				SDKROOT = iphoneos;
				TARGETED_DEVICE_FAMILY = "1,2";
			};
			name = Debug;
		};
		279CFD7419D7E88F0060E460 /* Release */ = {
			isa = XCBuildConfiguration;
			buildSettings = {
				ALWAYS_SEARCH_USER_PATHS = NO;
				CLANG_CXX_LANGUAGE_STANDARD = "gnu++0x";
				CLANG_CXX_LIBRARY = "libc++";
				CLANG_ENABLE_MODULES = YES;
				CLANG_ENABLE_OBJC_ARC = YES;
				CLANG_WARN_BOOL_CONVERSION = YES;
				CLANG_WARN_CONSTANT_CONVERSION = YES;
				CLANG_WARN_DIRECT_OBJC_ISA_USAGE = YES_ERROR;
				CLANG_WARN_EMPTY_BODY = YES;
				CLANG_WARN_ENUM_CONVERSION = YES;
				CLANG_WARN_INT_CONVERSION = YES;
				CLANG_WARN_OBJC_ROOT_CLASS = YES_ERROR;
				CLANG_WARN_UNREACHABLE_CODE = YES;
				CLANG_WARN__DUPLICATE_METHOD_MATCH = YES;
				"CODE_SIGN_IDENTITY[sdk=iphoneos*]" = "iPhone Developer";
				COPY_PHASE_STRIP = YES;
				ENABLE_NS_ASSERTIONS = NO;
				ENABLE_STRICT_OBJC_MSGSEND = YES;
				GCC_C_LANGUAGE_STANDARD = gnu99;
				GCC_WARN_64_TO_32_BIT_CONVERSION = YES;
				GCC_WARN_ABOUT_RETURN_TYPE = YES_ERROR;
				GCC_WARN_UNDECLARED_SELECTOR = YES;
				GCC_WARN_UNINITIALIZED_AUTOS = YES_AGGRESSIVE;
				GCC_WARN_UNUSED_FUNCTION = YES;
				GCC_WARN_UNUSED_VARIABLE = YES;
				IPHONEOS_DEPLOYMENT_TARGET = 8.0;
				MTL_ENABLE_DEBUG_INFO = NO;
				SDKROOT = iphoneos;
				TARGETED_DEVICE_FAMILY = "1,2";
				VALIDATE_PRODUCT = YES;
			};
			name = Release;
		};
		279CFD7619D7E88F0060E460 /* Debug */ = {
			isa = XCBuildConfiguration;
			buildSettings = {
				ASSETCATALOG_COMPILER_APPICON_NAME = AppIcon;
				INFOPLIST_FILE = Lab01/Info.plist;
				LD_RUNPATH_SEARCH_PATHS = "$(inherited) @executable_path/Frameworks";
				PRODUCT_NAME = "$(TARGET_NAME)";
			};
			name = Debug;
		};
		279CFD7719D7E88F0060E460 /* Release */ = {
			isa = XCBuildConfiguration;
			buildSettings = {
				ASSETCATALOG_COMPILER_APPICON_NAME = AppIcon;
				INFOPLIST_FILE = Lab01/Info.plist;
				LD_RUNPATH_SEARCH_PATHS = "$(inherited) @executable_path/Frameworks";
				PRODUCT_NAME = "$(TARGET_NAME)";
			};
			name = Release;
		};
		279CFD7919D7E88F0060E460 /* Debug */ = {
			isa = XCBuildConfiguration;
			buildSettings = {
				BUNDLE_LOADER = "$(TEST_HOST)";
				FRAMEWORK_SEARCH_PATHS = (
					"$(SDKROOT)/Developer/Library/Frameworks",
					"$(inherited)",
				);
				GCC_PREPROCESSOR_DEFINITIONS = (
					"DEBUG=1",
					"$(inherited)",
				);
				INFOPLIST_FILE = Lab01Tests/Info.plist;
				LD_RUNPATH_SEARCH_PATHS = "$(inherited) @executable_path/Frameworks @loader_path/Frameworks";
				PRODUCT_NAME = "$(TARGET_NAME)";
				TEST_HOST = "$(BUILT_PRODUCTS_DIR)/Lab01.app/Lab01";
			};
			name = Debug;
		};
		279CFD7A19D7E88F0060E460 /* Release */ = {
			isa = XCBuildConfiguration;
			buildSettings = {
				BUNDLE_LOADER = "$(TEST_HOST)";
				FRAMEWORK_SEARCH_PATHS = (
					"$(SDKROOT)/Developer/Library/Frameworks",
					"$(inherited)",
				);
				INFOPLIST_FILE = Lab01Tests/Info.plist;
				LD_RUNPATH_SEARCH_PATHS = "$(inherited) @executable_path/Frameworks @loader_path/Frameworks";
				PRODUCT_NAME = "$(TARGET_NAME)";
				TEST_HOST = "$(BUILT_PRODUCTS_DIR)/Lab01.app/Lab01";
			};
			name = Release;
		};
/* End XCBuildConfiguration section */

/* Begin XCConfigurationList section */
		279CFD4D19D7E88F0060E460 /* Build configuration list for PBXProject "Lab01" */ = {
			isa = XCConfigurationList;
			buildConfigurations = (
				279CFD7319D7E88F0060E460 /* Debug */,
				279CFD7419D7E88F0060E460 /* Release */,
			);
			defaultConfigurationIsVisible = 0;
			defaultConfigurationName = Release;
		};
		279CFD7519D7E88F0060E460 /* Build configuration list for PBXNativeTarget "Lab01" */ = {
			isa = XCConfigurationList;
			buildConfigurations = (
				279CFD7619D7E88F0060E460 /* Debug */,
				279CFD7719D7E88F0060E460 /* Release */,
			);
			defaultConfigurationIsVisible = 0;
			defaultConfigurationName = Release;
		};
		279CFD7819D7E88F0060E460 /* Build configuration list for PBXNativeTarget "Lab01Tests" */ = {
			isa = XCConfigurationList;
			buildConfigurations = (
				279CFD7919D7E88F0060E460 /* Debug */,
				279CFD7A19D7E88F0060E460 /* Release */,
			);
			defaultConfigurationIsVisible = 0;
			defaultConfigurationName = Release;
		};
/* End XCConfigurationList section */
	};
	rootObject = 279CFD4A19D7E88F0060E460 /* Project object */;
}
